
Microsoft Visual Studio Solution File, Format Version 12.00
# Visual Studio Version 16
VisualStudioVersion = 16.0.30011.22
MinimumVisualStudioVersion = 10.0.40219.1
Project("{9A19103F-16F7-4668-BE54-9A1E7A4F7556}") = "Api.Core", "Api.Core\Api.Core.csproj", "{2D6C95EA-DD22-4844-8624-C6E391567426}"
EndProject
Project("{2150E333-8FDC-42A3-9474-1A3956D46DE8}") = "01 Interface", "01 Interface", "{1055D227-BD05-485C-86A9-664897E11CEC}"
EndProject
Project("{2150E333-8FDC-42A3-9474-1A3956D46DE8}") = "02 Application", "02 Application", "{EDFF3E5F-24E3-4472-9793-43A8A983C719}"
EndProject
Project("{2150E333-8FDC-42A3-9474-1A3956D46DE8}") = "03 Domain", "03 Domain", "{DD2DE272-35EE-464D-BEC7-6EF686589571}"
EndProject
Project("{2150E333-8FDC-42A3-9474-1A3956D46DE8}") = "04 Infrastructure", "04 Infrastructure", "{E4EDADF0-02E2-4C87-A061-5556C4B4BB69}"
EndProject
Project("{9A19103F-16F7-4668-BE54-9A1E7A4F7556}") = "Entity", "Entity\Entity.csproj", "{A1F6695B-CAED-437C-812F-9CD0D34EBA19}"
EndProject
Project("{9A19103F-16F7-4668-BE54-9A1E7A4F7556}") = "IRepository", "IRepository\IRepository.csproj", "{BB5D6401-4C8E-4DC7-8619-F4E889CC2BDF}"
EndProject
Project("{9A19103F-16F7-4668-BE54-9A1E7A4F7556}") = "Repository", "Repository\Repository.csproj", "{D18F7468-9F66-4249-ADE7-2D32A5627413}"
EndProject
Project("{9A19103F-16F7-4668-BE54-9A1E7A4F7556}") = "DTO", "DTO\DTO.csproj", "{D399CCFE-37AC-46DE-98A2-DBDB8DE629A0}"
EndProject
Project("{9A19103F-16F7-4668-BE54-9A1E7A4F7556}") = "Assembler", "Assembler\Assembler.csproj", "{1F7A121B-0581-496A-BBB3-83552F5176AD}"
EndProject
Project("{9A19103F-16F7-4668-BE54-9A1E7A4F7556}") = "VO", "VO\VO.csproj", "{B64F15D3-4BD5-42A2-B10A-A43BAF66235C}"
EndProject
Project("{9A19103F-16F7-4668-BE54-9A1E7A4F7556}") = "ApplicationService", "ApplicationService\ApplicationService.csproj", "{B4C6A671-6ACD-4F82-A9B4-3F9D11D855D9}"
EndProject
Project("{9A19103F-16F7-4668-BE54-9A1E7A4F7556}") = "IService", "IService\IService.csproj", "{36D56E47-9EAC-4A5B-926E-39E6D69FB069}"
EndProject
Project("{9A19103F-16F7-4668-BE54-9A1E7A4F7556}") = "Service", "Service\Service.csproj", "{7E9DF6F5-0555-41A8-889D-F73852A9A0C8}"
EndProject
Project("{9A19103F-16F7-4668-BE54-9A1E7A4F7556}") = "Common", "Common\Common.csproj", "{84AFFDA2-D079-4117-B1E0-0A7BB46B7DB7}"
EndProject
Project("{2150E333-8FDC-42A3-9474-1A3956D46DE8}") = "05 Test", "05 Test", "{766648ED-FC84-49E3-B7AF-7CE520161440}"
EndProject
Project("{9A19103F-16F7-4668-BE54-9A1E7A4F7556}") = "Factory", "Factory\Factory.csproj", "{A130CCD6-3D23-43D9-828D-E59A826F0F51}"
EndProject
Project("{9A19103F-16F7-4668-BE54-9A1E7A4F7556}") = "Test", "Test\Test.csproj", "{A8F09A2E-BBAF-49E6-BCCE-EB6BFF1EBB9F}"
EndProject
Project("{9A19103F-16F7-4668-BE54-9A1E7A4F7556}") = "Web", "Web\Web.csproj", "{328F96EC-EBD5-494D-9F03-77EA26967836}"
EndProject
Project("{9A19103F-16F7-4668-BE54-9A1E7A4F7556}") = "BlazorApp", "BlazorApp\BlazorApp.csproj", "{BCF500FB-4699-4105-98BE-BCD145391FE6}"
EndProject
Project("{FAE04EC0-301F-11D3-BF4B-00C04F79EFBC}") = "Tasks", "Tasks\Tasks.csproj", "{BA07E382-E436-47AD-9D1F-CC8F0ABC313D}"
EndProject
Global
	GlobalSection(SolutionConfigurationPlatforms) = preSolution
		Debug|Any CPU = Debug|Any CPU
		Release|Any CPU = Release|Any CPU
	EndGlobalSection
	GlobalSection(ProjectConfigurationPlatforms) = postSolution
		{2D6C95EA-DD22-4844-8624-C6E391567426}.Debug|Any CPU.ActiveCfg = Debug|Any CPU
		{2D6C95EA-DD22-4844-8624-C6E391567426}.Debug|Any CPU.Build.0 = Debug|Any CPU
		{2D6C95EA-DD22-4844-8624-C6E391567426}.Release|Any CPU.ActiveCfg = Release|Any CPU
		{2D6C95EA-DD22-4844-8624-C6E391567426}.Release|Any CPU.Build.0 = Release|Any CPU
		{A1F6695B-CAED-437C-812F-9CD0D34EBA19}.Debug|Any CPU.ActiveCfg = Debug|Any CPU
		{A1F6695B-CAED-437C-812F-9CD0D34EBA19}.Debug|Any CPU.Build.0 = Debug|Any CPU
		{A1F6695B-CAED-437C-812F-9CD0D34EBA19}.Release|Any CPU.ActiveCfg = Release|Any CPU
		{A1F6695B-CAED-437C-812F-9CD0D34EBA19}.Release|Any CPU.Build.0 = Release|Any CPU
		{BB5D6401-4C8E-4DC7-8619-F4E889CC2BDF}.Debug|Any CPU.ActiveCfg = Debug|Any CPU
		{BB5D6401-4C8E-4DC7-8619-F4E889CC2BDF}.Debug|Any CPU.Build.0 = Debug|Any CPU
		{BB5D6401-4C8E-4DC7-8619-F4E889CC2BDF}.Release|Any CPU.ActiveCfg = Release|Any CPU
		{BB5D6401-4C8E-4DC7-8619-F4E889CC2BDF}.Release|Any CPU.Build.0 = Release|Any CPU
		{D18F7468-9F66-4249-ADE7-2D32A5627413}.Debug|Any CPU.ActiveCfg = Debug|Any CPU
		{D18F7468-9F66-4249-ADE7-2D32A5627413}.Debug|Any CPU.Build.0 = Debug|Any CPU
		{D18F7468-9F66-4249-ADE7-2D32A5627413}.Release|Any CPU.ActiveCfg = Release|Any CPU
		{D18F7468-9F66-4249-ADE7-2D32A5627413}.Release|Any CPU.Build.0 = Release|Any CPU
		{D399CCFE-37AC-46DE-98A2-DBDB8DE629A0}.Debug|Any CPU.ActiveCfg = Debug|Any CPU
		{D399CCFE-37AC-46DE-98A2-DBDB8DE629A0}.Debug|Any CPU.Build.0 = Debug|Any CPU
		{D399CCFE-37AC-46DE-98A2-DBDB8DE629A0}.Release|Any CPU.ActiveCfg = Release|Any CPU
		{D399CCFE-37AC-46DE-98A2-DBDB8DE629A0}.Release|Any CPU.Build.0 = Release|Any CPU
		{1F7A121B-0581-496A-BBB3-83552F5176AD}.Debug|Any CPU.ActiveCfg = Debug|Any CPU
		{1F7A121B-0581-496A-BBB3-83552F5176AD}.Debug|Any CPU.Build.0 = Debug|Any CPU
		{1F7A121B-0581-496A-BBB3-83552F5176AD}.Release|Any CPU.ActiveCfg = Release|Any CPU
		{1F7A121B-0581-496A-BBB3-83552F5176AD}.Release|Any CPU.Build.0 = Release|Any CPU
		{B64F15D3-4BD5-42A2-B10A-A43BAF66235C}.Debug|Any CPU.ActiveCfg = Debug|Any CPU
		{B64F15D3-4BD5-42A2-B10A-A43BAF66235C}.Debug|Any CPU.Build.0 = Debug|Any CPU
		{B64F15D3-4BD5-42A2-B10A-A43BAF66235C}.Release|Any CPU.ActiveCfg = Release|Any CPU
		{B64F15D3-4BD5-42A2-B10A-A43BAF66235C}.Release|Any CPU.Build.0 = Release|Any CPU
		{B4C6A671-6ACD-4F82-A9B4-3F9D11D855D9}.Debug|Any CPU.ActiveCfg = Debug|Any CPU
		{B4C6A671-6ACD-4F82-A9B4-3F9D11D855D9}.Debug|Any CPU.Build.0 = Debug|Any CPU
		{B4C6A671-6ACD-4F82-A9B4-3F9D11D855D9}.Release|Any CPU.ActiveCfg = Release|Any CPU
		{B4C6A671-6ACD-4F82-A9B4-3F9D11D855D9}.Release|Any CPU.Build.0 = Release|Any CPU
		{36D56E47-9EAC-4A5B-926E-39E6D69FB069}.Debug|Any CPU.ActiveCfg = Debug|Any CPU
		{36D56E47-9EAC-4A5B-926E-39E6D69FB069}.Debug|Any CPU.Build.0 = Debug|Any CPU
		{36D56E47-9EAC-4A5B-926E-39E6D69FB069}.Release|Any CPU.ActiveCfg = Release|Any CPU
		{36D56E47-9EAC-4A5B-926E-39E6D69FB069}.Release|Any CPU.Build.0 = Release|Any CPU
		{7E9DF6F5-0555-41A8-889D-F73852A9A0C8}.Debug|Any CPU.ActiveCfg = Debug|Any CPU
		{7E9DF6F5-0555-41A8-889D-F73852A9A0C8}.Debug|Any CPU.Build.0 = Debug|Any CPU
		{7E9DF6F5-0555-41A8-889D-F73852A9A0C8}.Release|Any CPU.ActiveCfg = Release|Any CPU
		{7E9DF6F5-0555-41A8-889D-F73852A9A0C8}.Release|Any CPU.Build.0 = Release|Any CPU
		{84AFFDA2-D079-4117-B1E0-0A7BB46B7DB7}.Debug|Any CPU.ActiveCfg = Debug|Any CPU
		{84AFFDA2-D079-4117-B1E0-0A7BB46B7DB7}.Debug|Any CPU.Build.0 = Debug|Any CPU
		{84AFFDA2-D079-4117-B1E0-0A7BB46B7DB7}.Release|Any CPU.ActiveCfg = Release|Any CPU
		{84AFFDA2-D079-4117-B1E0-0A7BB46B7DB7}.Release|Any CPU.Build.0 = Release|Any CPU
		{A130CCD6-3D23-43D9-828D-E59A826F0F51}.Debug|Any CPU.ActiveCfg = Debug|Any CPU
		{A130CCD6-3D23-43D9-828D-E59A826F0F51}.Debug|Any CPU.Build.0 = Debug|Any CPU
		{A130CCD6-3D23-43D9-828D-E59A826F0F51}.Release|Any CPU.ActiveCfg = Release|Any CPU
		{A130CCD6-3D23-43D9-828D-E59A826F0F51}.Release|Any CPU.Build.0 = Release|Any CPU
		{A8F09A2E-BBAF-49E6-BCCE-EB6BFF1EBB9F}.Debug|Any CPU.ActiveCfg = Debug|Any CPU
		{A8F09A2E-BBAF-49E6-BCCE-EB6BFF1EBB9F}.Debug|Any CPU.Build.0 = Debug|Any CPU
		{A8F09A2E-BBAF-49E6-BCCE-EB6BFF1EBB9F}.Release|Any CPU.ActiveCfg = Release|Any CPU
		{A8F09A2E-BBAF-49E6-BCCE-EB6BFF1EBB9F}.Release|Any CPU.Build.0 = Release|Any CPU
		{328F96EC-EBD5-494D-9F03-77EA26967836}.Debug|Any CPU.ActiveCfg = Debug|Any CPU
		{328F96EC-EBD5-494D-9F03-77EA26967836}.Debug|Any CPU.Build.0 = Debug|Any CPU
		{328F96EC-EBD5-494D-9F03-77EA26967836}.Release|Any CPU.ActiveCfg = Release|Any CPU
		{328F96EC-EBD5-494D-9F03-77EA26967836}.Release|Any CPU.Build.0 = Release|Any CPU
		{BCF500FB-4699-4105-98BE-BCD145391FE6}.Debug|Any CPU.ActiveCfg = Debug|Any CPU
		{BCF500FB-4699-4105-98BE-BCD145391FE6}.Debug|Any CPU.Build.0 = Debug|Any CPU
		{BCF500FB-4699-4105-98BE-BCD145391FE6}.Release|Any CPU.ActiveCfg = Release|Any CPU
		{BCF500FB-4699-4105-98BE-BCD145391FE6}.Release|Any CPU.Build.0 = Release|Any CPU
		{BA07E382-E436-47AD-9D1F-CC8F0ABC313D}.Debug|Any CPU.ActiveCfg = Debug|Any CPU
		{BA07E382-E436-47AD-9D1F-CC8F0ABC313D}.Debug|Any CPU.Build.0 = Debug|Any CPU
		{BA07E382-E436-47AD-9D1F-CC8F0ABC313D}.Release|Any CPU.ActiveCfg = Release|Any CPU
		{BA07E382-E436-47AD-9D1F-CC8F0ABC313D}.Release|Any CPU.Build.0 = Release|Any CPU
	EndGlobalSection
	GlobalSection(SolutionProperties) = preSolution
		HideSolutionNode = FALSE
	EndGlobalSection
	GlobalSection(NestedProjects) = preSolution
		{2D6C95EA-DD22-4844-8624-C6E391567426} = {1055D227-BD05-485C-86A9-664897E11CEC}
		{A1F6695B-CAED-437C-812F-9CD0D34EBA19} = {DD2DE272-35EE-464D-BEC7-6EF686589571}
		{BB5D6401-4C8E-4DC7-8619-F4E889CC2BDF} = {DD2DE272-35EE-464D-BEC7-6EF686589571}
		{D18F7468-9F66-4249-ADE7-2D32A5627413} = {E4EDADF0-02E2-4C87-A061-5556C4B4BB69}
		{D399CCFE-37AC-46DE-98A2-DBDB8DE629A0} = {EDFF3E5F-24E3-4472-9793-43A8A983C719}
		{1F7A121B-0581-496A-BBB3-83552F5176AD} = {EDFF3E5F-24E3-4472-9793-43A8A983C719}
		{B64F15D3-4BD5-42A2-B10A-A43BAF66235C} = {DD2DE272-35EE-464D-BEC7-6EF686589571}
		{B4C6A671-6ACD-4F82-A9B4-3F9D11D855D9} = {EDFF3E5F-24E3-4472-9793-43A8A983C719}
		{36D56E47-9EAC-4A5B-926E-39E6D69FB069} = {DD2DE272-35EE-464D-BEC7-6EF686589571}
		{7E9DF6F5-0555-41A8-889D-F73852A9A0C8} = {DD2DE272-35EE-464D-BEC7-6EF686589571}
		{84AFFDA2-D079-4117-B1E0-0A7BB46B7DB7} = {E4EDADF0-02E2-4C87-A061-5556C4B4BB69}
		{A130CCD6-3D23-43D9-828D-E59A826F0F51} = {DD2DE272-35EE-464D-BEC7-6EF686589571}
		{A8F09A2E-BBAF-49E6-BCCE-EB6BFF1EBB9F} = {766648ED-FC84-49E3-B7AF-7CE520161440}
		{328F96EC-EBD5-494D-9F03-77EA26967836} = {1055D227-BD05-485C-86A9-664897E11CEC}
		{BCF500FB-4699-4105-98BE-BCD145391FE6} = {1055D227-BD05-485C-86A9-664897E11CEC}
		{BA07E382-E436-47AD-9D1F-CC8F0ABC313D} = {E4EDADF0-02E2-4C87-A061-5556C4B4BB69}
	EndGlobalSection
	GlobalSection(ExtensibilityGlobals) = postSolution
		SolutionGuid = {EEACC5F1-3C15-4775-AD5A-8CBD0FDA4348}
	EndGlobalSection
EndGlobal
